// !$*UTF8*$!
{
	archiveVersion = 1;
	classes = {
	};
	objectVersion = 46;
	objects = {

/* Begin PBXBuildFile section */
		F81334811D66E36300E0B1DF /* AppDelegate.swift in Sources */ = {isa = PBXBuildFile; fileRef = F81334801D66E36300E0B1DF /* AppDelegate.swift */; };
		F81334831D66E36300E0B1DF /* ViewController.swift in Sources */ = {isa = PBXBuildFile; fileRef = F81334821D66E36300E0B1DF /* ViewController.swift */; };
		F81334861D66E36300E0B1DF /* Main.storyboard in Resources */ = {isa = PBXBuildFile; fileRef = F81334841D66E36300E0B1DF /* Main.storyboard */; };
		F81334881D66E36300E0B1DF /* Assets.xcassets in Resources */ = {isa = PBXBuildFile; fileRef = F81334871D66E36300E0B1DF /* Assets.xcassets */; };
		F813348B1D66E36300E0B1DF /* LaunchScreen.storyboard in Resources */ = {isa = PBXBuildFile; fileRef = F81334891D66E36300E0B1DF /* LaunchScreen.storyboard */; };
		F81334951D66E37B00E0B1DF /* board.png in Resources */ = {isa = PBXBuildFile; fileRef = F81334921D66E37B00E0B1DF /* board.png */; };
		F81334961D66E37B00E0B1DF /* cross.png in Resources */ = {isa = PBXBuildFile; fileRef = F81334931D66E37B00E0B1DF /* cross.png */; };
		F81334971D66E37B00E0B1DF /* nought.png in Resources */ = {isa = PBXBuildFile; fileRef = F81334941D66E37B00E0B1DF /* nought.png */; };
/* End PBXBuildFile section */

/* Begin PBXFileReference section */
		F813347D1D66E36300E0B1DF /* Tic Tac Toe.app */ = {isa = PBXFileReference; explicitFileType = wrapper.application; includeInIndex = 0; path = "Tic Tac Toe.app"; sourceTree = BUILT_PRODUCTS_DIR; };
		F81334801D66E36300E0B1DF /* AppDelegate.swift */ = {isa = PBXFileReference; lastKnownFileType = sourcecode.swift; path = AppDelegate.swift; sourceTree = "<group>"; };
		F81334821D66E36300E0B1DF /* ViewController.swift */ = {isa = PBXFileReference; lastKnownFileType = sourcecode.swift; path = ViewController.swift; sourceTree = "<group>"; };
		F81334851D66E36300E0B1DF /* Base */ = {isa = PBXFileReference; lastKnownFileType = file.storyboard; name = Base; path = Base.lproj/Main.storyboard; sourceTree = "<group>"; };
		F81334871D66E36300E0B1DF /* Assets.xcassets */ = {isa = PBXFileReference; lastKnownFileType = folder.assetcatalog; path = Assets.xcassets; sourceTree = "<group>"; };
		F813348A1D66E36300E0B1DF /* Base */ = {isa = PBXFileReference; lastKnownFileType = file.storyboard; name = Base; path = Base.lproj/LaunchScreen.storyboard; sourceTree = "<group>"; };
		F813348C1D66E36300E0B1DF /* Info.plist */ = {isa = PBXFileReference; lastKnownFileType = text.plist.xml; path = Info.plist; sourceTree = "<group>"; };
		F81334921D66E37B00E0B1DF /* board.png */ = {isa = PBXFileReference; lastKnownFileType = image.png; path = board.png; sourceTree = "<group>"; };
		F81334931D66E37B00E0B1DF /* cross.png */ = {isa = PBXFileReference; lastKnownFileType = image.png; path = cross.png; sourceTree = "<group>"; };
		F81334941D66E37B00E0B1DF /* nought.png */ = {isa = PBXFileReference; lastKnownFileType = image.png; path = nought.png; sourceTree = "<group>"; };
/* End PBXFileReference section */

/* Begin PBXFrameworksBuildPhase section */
		F813347A1D66E36300E0B1DF /* Frameworks */ = {
			isa = PBXFrameworksBuildPhase;
			buildActionMask = 2147483647;
			files = (
			);
			runOnlyForDeploymentPostprocessing = 0;
		};
/* End PBXFrameworksBuildPhase section */

/* Begin PBXGroup section */
		F81334741D66E36300E0B1DF = {
			isa = PBXGroup;
			children = (
				F813347F1D66E36300E0B1DF /* Tic Tac Toe */,
				F813347E1D66E36300E0B1DF /* Products */,
			);
			sourceTree = "<group>";
		};
		F813347E1D66E36300E0B1DF /* Products */ = {
			isa = PBXGroup;
			children = (
				F813347D1D66E36300E0B1DF /* Tic Tac Toe.app */,
			);
			name = Products;
			sourceTree = "<group>";
		};
		F813347F1D66E36300E0B1DF /* Tic Tac Toe */ = {
			isa = PBXGroup;
			children = (
				F81334801D66E36300E0B1DF /* AppDelegate.swift */,
				F81334821D66E36300E0B1DF /* ViewController.swift */,
				F81334841D66E36300E0B1DF /* Main.storyboard */,
				F81334921D66E37B00E0B1DF /* board.png */,
				F81334931D66E37B00E0B1DF /* cross.png */,
				F81334941D66E37B00E0B1DF /* nought.png */,
				F81334871D66E36300E0B1DF /* Assets.xcassets */,
				F81334891D66E36300E0B1DF /* LaunchScreen.storyboard */,
				F813348C1D66E36300E0B1DF /* Info.plist */,
			);
			path = "Tic Tac Toe";
			sourceTree = "<group>";
		};
/* End PBXGroup section */

/* Begin PBXNativeTarget section */
		F813347C1D66E36300E0B1DF /* Tic Tac Toe */ = {
			isa = PBXNativeTarget;
			buildConfigurationList = F813348F1D66E36300E0B1DF /* Build configuration list for PBXNativeTarget "Tic Tac Toe" */;
			buildPhases = (
				F81334791D66E36300E0B1DF /* Sources */,
				F813347A1D66E36300E0B1DF /* Frameworks */,
				F813347B1D66E36300E0B1DF /* Resources */,
			);
			buildRules = (
			);
			dependencies = (
			);
			name = "Tic Tac Toe";
			productName = "Tic Tac Toe";
			productReference = F813347D1D66E36300E0B1DF /* Tic Tac Toe.app */;
			productType = "com.apple.product-type.application";
		};
/* End PBXNativeTarget section */

/* Begin PBXProject section */
		F81334751D66E36300E0B1DF /* Project object */ = {
			isa = PBXProject;
			attributes = {
				LastSwiftUpdateCheck = 0730;
				LastUpgradeCheck = 0730;
				ORGANIZATIONNAME = "Blue Lamp";
				TargetAttributes = {
					F813347C1D66E36300E0B1DF = {
						CreatedOnToolsVersion = 7.3.1;
						DevelopmentTeam = B6T7XNZ4XR;
						LastSwiftMigration = 0820;
					};
				};
			};
			buildConfigurationList = F81334781D66E36300E0B1DF /* Build configuration list for PBXProject "Tic Tac Toe" */;
			compatibilityVersion = "Xcode 3.2";
			developmentRegion = English;
			hasScannedForEncodings = 0;
			knownRegions = (
				en,
				Base,
			);
			mainGroup = F81334741D66E36300E0B1DF;
			productRefGroup = F813347E1D66E36300E0B1DF /* Products */;
			projectDirPath = "";
			projectRoot = "";
			targets = (
				F813347C1D66E36300E0B1DF /* Tic Tac Toe */,
			);
		};
/* End PBXProject section */

/* Begin PBXResourcesBuildPhase section */
		F813347B1D66E36300E0B1DF /* Resources */ = {
			isa = PBXResourcesBuildPhase;
			buildActionMask = 2147483647;
			files = (
				F81334961D66E37B00E0B1DF /* cross.png in Resources */,
				F81334951D66E37B00E0B1DF /* board.png in Resources */,
				F81334971D66E37B00E0B1DF /* nought.png in Resources */,
				F813348B1D66E36300E0B1DF /* LaunchScreen.storyboard in Resources */,
				F81334881D66E36300E0B1DF /* Assets.xcassets in Resources */,
				F81334861D66E36300E0B1DF /* Main.storyboard in Resources */,
			);
			runOnlyForDeploymentPostprocessing = 0;
		};
/* End PBXResourcesBuildPhase section */

/* Begin PBXSourcesBuildPhase section */
		F81334791D66E36300E0B1DF /* Sources */ = {
			isa = PBXSourcesBuildPhase;
			buildActionMask = 2147483647;
			files = (
				F81334831D66E36300E0B1DF /* ViewController.swift in Sources */,
				F81334811D66E36300E0B1DF /* AppDelegate.swift in Sources */,
			);
			runOnlyForDeploymentPostprocessing = 0;
		};
/* End PBXSourcesBuildPhase section */

/* Begin PBXVariantGroup section */
		F81334841D66E36300E0B1DF /* Main.storyboard */ = {
			isa = PBXVariantGroup;
			children = (
				F81334851D66E36300E0B1DF /* Base */,
			);
			name = Main.storyboard;
			sourceTree = "<group>";
		};
		F81334891D66E36300E0B1DF /* LaunchScreen.storyboard */ = {
			isa = PBXVariantGroup;
			children = (
				F813348A1D66E36300E0B1DF /* Base */,
			);
			name = LaunchScreen.storyboard;
			sourceTree = "<group>";
		};
/* End PBXVariantGroup section */

/* Begin XCBuildConfiguration section */
		F813348D1D66E36300E0B1DF /* Debug */ = {
			isa = XCBuildConfiguration;
			buildSettings = {
				ALWAYS_SEARCH_USER_PATHS = NO;
				CLANG_ANALYZER_NONNULL = YES;
				CLANG_CXX_LANGUAGE_STANDARD = "gnu++0x";
				CLANG_CXX_LIBRARY = "libc++";
				CLANG_ENABLE_MODULES = YES;
				CLANG_ENABLE_OBJC_ARC = YES;
				CLANG_WARN_BOOL_CONVERSION = YES;
				CLANG_WARN_CONSTANT_CONVERSION = YES;
				CLANG_WARN_DIRECT_OBJC_ISA_USAGE = YES_ERROR;
				CLANG_WARN_EMPTY_BODY = YES;
				CLANG_WARN_ENUM_CONVERSION = YES;
				CLANG_WARN_INT_CONVERSION = YES;
				CLANG_WARN_OBJC_ROOT_CLASS = YES_ERROR;
				CLANG_WARN_UNREACHABLE_CODE = YES;
				CLANG_WARN__DUPLICATE_METHOD_MATCH = YES;
				"CODE_SIGN_IDENTITY[sdk=iphoneos*]" = "iPhone Developer";
				COPY_PHASE_STRIP = NO;
				DEBUG_INFORMATION_FORMAT = dwarf;
				ENABLE_STRICT_OBJC_MSGSEND = YES;
				ENABLE_TESTABILITY = YES;
				GCC_C_LANGUAGE_STANDARD = gnu99;
				GCC_DYNAMIC_NO_PIC = NO;
				GCC_NO_COMMON_BLOCKS = YES;
				GCC_OPTIMIZATION_LEVEL = 0;
				GCC_PREPROCESSOR_DEFINITIONS = (
					"DEBUG=1",
					"$(inherited)",
				);
				GCC_WARN_64_TO_32_BIT_CONVERSION = YES;
				GCC_WARN_ABOUT_RETURN_TYPE = YES_ERROR;
				GCC_WARN_UNDECLARED_SELECTOR = YES;
				GCC_WARN_UNINITIALIZED_AUTOS = YES_AGGRESSIVE;
				GCC_WARN_UNUSED_FUNCTION = YES;
				GCC_WARN_UNUSED_VARIABLE = YES;
				IPHONEOS_DEPLOYMENT_TARGET = 9.3;
				MTL_ENABLE_DEBUG_INFO = YES;
				ONLY_ACTIVE_ARCH = YES;
				SDKROOT = iphoneos;
				SWIFT_OPTIMIZATION_LEVEL = "-Onone";
				TARGETED_DEVICE_FAMILY = "1,2";
			};
			name = Debug;
		};
		F813348E1D66E36300E0B1DF /* Release */ = {
			isa = XCBuildConfiguration;
			buildSettings = {
				ALWAYS_SEARCH_USER_PATHS = NO;
				CLANG_ANALYZER_NONNULL = YES;
				CLANG_CXX_LANGUAGE_STANDARD = "gnu++0x";
				CLANG_CXX_LIBRARY = "libc++";
				CLANG_ENABLE_MODULES = YES;
				CLANG_ENABLE_OBJC_ARC = YES;
				CLANG_WARN_BOOL_CONVERSION = YES;
				CLANG_WARN_CONSTANT_CONVERSION = YES;
				CLANG_WARN_DIRECT_OBJC_ISA_USAGE = YES_ERROR;
				CLANG_WARN_EMPTY_BODY = YES;
				CLANG_WARN_ENUM_CONVERSION = YES;
				CLANG_WARN_INT_CONVERSION = YES;
				CLANG_WARN_OBJC_ROOT_CLASS = YES_ERROR;
				CLANG_WARN_UNREACHABLE_CODE = YES;
				CLANG_WARN__DUPLICATE_METHOD_MATCH = YES;
				"CODE_SIGN_IDENTITY[sdk=iphoneos*]" = "iPhone Developer";
				COPY_PHASE_STRIP = NO;
				DEBUG_INFORMATION_FORMAT = "dwarf-with-dsym";
				ENABLE_NS_ASSERTIONS = NO;
				ENABLE_STRICT_OBJC_MSGSEND = YES;
				GCC_C_LANGUAGE_STANDARD = gnu99;
				GCC_NO_COMMON_BLOCKS = YES;
				GCC_WARN_64_TO_32_BIT_CONVERSION = YES;
				GCC_WARN_ABOUT_RETURN_TYPE = YES_ERROR;
				GCC_WARN_UNDECLARED_SELECTOR = YES;
				GCC_WARN_UNINITIALIZED_AUTOS = YES_AGGRESSIVE;
				GCC_WARN_UNUSED_FUNCTION = YES;
				GCC_WARN_UNUSED_VARIABLE = YES;
				IPHONEOS_DEPLOYMENT_TARGET = 9.3;
				MTL_ENABLE_DEBUG_INFO = NO;
				SDKROOT = iphoneos;
				TARGETED_DEVICE_FAMILY = "1,2";
				VALIDATE_PRODUCT = YES;
			};
			name = Release;
		};
		F81334901D66E36300E0B1DF /* Debug */ = {
			isa = XCBuildConfiguration;
			buildSettings = {
				ASSETCATALOG_COMPILER_APPICON_NAME = AppIcon;
				INFOPLIST_FILE = "Tic Tac Toe/Info.plist";
				LD_RUNPATH_SEARCH_PATHS = "$(inherited) @executable_path/Frameworks";
				PRODUCT_BUNDLE_IDENTIFIER = "com.bluelamp.Tic-Tac-Toe";
				PRODUCT_NAME = "$(TARGET_NAME)";
				SWIFT_VERSION = 3.0;
			};
			name = Debug;
		};
		F81334911D66E36300E0B1DF /* Release */ = {
			isa = XCBuildConfiguration;
			buildSettings = {
				ASSETCATALOG_COMPILER_APPICON_NAME = AppIcon;
				INFOPLIST_FILE = "Tic Tac Toe/Info.plist";
				LD_RUNPATH_SEARCH_PATHS = "$(inherited) @executable_path/Frameworks";
				PRODUCT_BUNDLE_IDENTIFIER = "com.bluelamp.Tic-Tac-Toe";
				PRODUCT_NAME = "$(TARGET_NAME)";
				SWIFT_VERSION = 3.0;
			};
			name = Release;
		};
/* End XCBuildConfiguration section */

/* Begin XCConfigurationList section */
		F81334781D66E36300E0B1DF /* Build configuration list for PBXProject "Tic Tac Toe" */ = {
			isa = XCConfigurationList;
			buildConfigurations = (
				F813348D1D66E36300E0B1DF /* Debug */,
				F813348E1D66E36300E0B1DF /* Release */,
			);
			defaultConfigurationIsVisible = 0;
			defaultConfigurationName = Release;
		};
		F813348F1D66E36300E0B1DF /* Build configuration list for PBXNativeTarget "Tic Tac Toe" */ = {
			isa = XCConfigurationList;
			buildConfigurations = (
				F81334901D66E36300E0B1DF /* Debug */,
				F81334911D66E36300E0B1DF /* Release */,
			);
			defaultConfigurationIsVisible = 0;
			defaultConfigurationName = Release;
		};
/* End XCConfigurationList section */
	};
	rootObject = F81334751D66E36300E0B1DF /* Project object */;
}
